
Microsoft Visual Studio Solution File, Format Version 12.00
# Visual Studio Version 17
VisualStudioVersion = 17.11.35208.52
MinimumVisualStudioVersion = 10.0.40219.1
Project("{FAE04EC0-301F-11D3-BF4B-00C04F79EFBC}") = "MMALigaSumulation.Server", "MMALigaSumulation.Server\MMALigaSumulation.Server.csproj", "{3A27BEE6-257D-4F34-9212-8712102FA3AD}"
EndProject
Project("{FAE04EC0-301F-11D3-BF4B-00C04F79EFBC}") = "MMALigaSumulation.Shared", "MMALigaSumulation.Shared\MMALigaSumulation.Shared.csproj", "{B0F4F12E-FD2C-4C84-8BBB-67328BCE7131}"
EndProject
Project("{FAE04EC0-301F-11D3-BF4B-00C04F79EFBC}") = "MMALigaSumulation.Client", "MMALigaSumulation.Client\MMALigaSumulation.Client.csproj", "{D4CCE922-5DB2-4BC0-B6B4-1A766727C68F}"
EndProject
Global
	GlobalSection(SolutionConfigurationPlatforms) = preSolution
		Debug|Any CPU = Debug|Any CPU
		Release|Any CPU = Release|Any CPU
	EndGlobalSection
	GlobalSection(ProjectConfigurationPlatforms) = postSolution
		{3A27BEE6-257D-4F34-9212-8712102FA3AD}.Debug|Any CPU.ActiveCfg = Debug|Any CPU
		{3A27BEE6-257D-4F34-9212-8712102FA3AD}.Debug|Any CPU.Build.0 = Debug|Any CPU
		{3A27BEE6-257D-4F34-9212-8712102FA3AD}.Release|Any CPU.ActiveCfg = Release|Any CPU
		{3A27BEE6-257D-4F34-9212-8712102FA3AD}.Release|Any CPU.Build.0 = Release|Any CPU
		{B0F4F12E-FD2C-4C84-8BBB-67328BCE7131}.Debug|Any CPU.ActiveCfg = Debug|Any CPU
		{B0F4F12E-FD2C-4C84-8BBB-67328BCE7131}.Debug|Any CPU.Build.0 = Debug|Any CPU
		{B0F4F12E-FD2C-4C84-8BBB-67328BCE7131}.Release|Any CPU.ActiveCfg = Release|Any CPU
		{B0F4F12E-FD2C-4C84-8BBB-67328BCE7131}.Release|Any CPU.Build.0 = Release|Any CPU
		{D4CCE922-5DB2-4BC0-B6B4-1A766727C68F}.Debug|Any CPU.ActiveCfg = Debug|Any CPU
		{D4CCE922-5DB2-4BC0-B6B4-1A766727C68F}.Debug|Any CPU.Build.0 = Debug|Any CPU
		{D4CCE922-5DB2-4BC0-B6B4-1A766727C68F}.Release|Any CPU.ActiveCfg = Release|Any CPU
		{D4CCE922-5DB2-4BC0-B6B4-1A766727C68F}.Release|Any CPU.Build.0 = Release|Any CPU
	EndGlobalSection
	GlobalSection(SolutionProperties) = preSolution
		HideSolutionNode = FALSE
	EndGlobalSection
	GlobalSection(ExtensibilityGlobals) = postSolution
		SolutionGuid = {5839834D-2BFD-4154-BFCE-76B6DC93EA91}
	EndGlobalSection
EndGlobal
